// !$*UTF8*$!
{
	archiveVersion = 1;
	classes = {
	};
	objectVersion = 46;
	objects = {

/* Begin PBXBuildFile section */
		39D2AB8C1D6DE13D00A87114 /* AppDelegate.swift in Sources */ = {isa = PBXBuildFile; fileRef = 39D2AB8B1D6DE13D00A87114 /* AppDelegate.swift */; };
		39D2AB8E1D6DE13D00A87114 /* Assets.xcassets in Resources */ = {isa = PBXBuildFile; fileRef = 39D2AB8D1D6DE13D00A87114 /* Assets.xcassets */; };
		39D2AB911D6DE13E00A87114 /* MainMenu.xib in Resources */ = {isa = PBXBuildFile; fileRef = 39D2AB8F1D6DE13E00A87114 /* MainMenu.xib */; };
/* End PBXBuildFile section */

/* Begin PBXFileReference section */
		39D2AB881D6DE13D00A87114 /* ScheduleNotification.app */ = {isa = PBXFileReference; explicitFileType = wrapper.application; includeInIndex = 0; path = ScheduleNotification.app; sourceTree = BUILT_PRODUCTS_DIR; };
		39D2AB8B1D6DE13D00A87114 /* AppDelegate.swift */ = {isa = PBXFileReference; lastKnownFileType = sourcecode.swift; path = AppDelegate.swift; sourceTree = "<group>"; };
		39D2AB8D1D6DE13D00A87114 /* Assets.xcassets */ = {isa = PBXFileReference; lastKnownFileType = folder.assetcatalog; path = Assets.xcassets; sourceTree = "<group>"; };
		39D2AB901D6DE13E00A87114 /* Base */ = {isa = PBXFileReference; lastKnownFileType = file.xib; name = Base; path = Base.lproj/MainMenu.xib; sourceTree = "<group>"; };
		39D2AB921D6DE13E00A87114 /* Info.plist */ = {isa = PBXFileReference; lastKnownFileType = text.plist.xml; path = Info.plist; sourceTree = "<group>"; };
/* End PBXFileReference section */

/* Begin PBXFrameworksBuildPhase section */
		39D2AB851D6DE13D00A87114 /* Frameworks */ = {
			isa = PBXFrameworksBuildPhase;
			buildActionMask = 2147483647;
			files = (
			);
			runOnlyForDeploymentPostprocessing = 0;
		};
/* End PBXFrameworksBuildPhase section */

/* Begin PBXGroup section */
		39D2AB7F1D6DE13D00A87114 = {
			isa = PBXGroup;
			children = (
				39D2AB8A1D6DE13D00A87114 /* ScheduleNotification */,
				39D2AB891D6DE13D00A87114 /* Products */,
			);
			sourceTree = "<group>";
		};
		39D2AB891D6DE13D00A87114 /* Products */ = {
			isa = PBXGroup;
			children = (
				39D2AB881D6DE13D00A87114 /* ScheduleNotification.app */,
			);
			name = Products;
			sourceTree = "<group>";
		};
		39D2AB8A1D6DE13D00A87114 /* ScheduleNotification */ = {
			isa = PBXGroup;
			children = (
				39D2AB8B1D6DE13D00A87114 /* AppDelegate.swift */,
				39D2AB8D1D6DE13D00A87114 /* Assets.xcassets */,
				39D2AB8F1D6DE13E00A87114 /* MainMenu.xib */,
				39D2AB921D6DE13E00A87114 /* Info.plist */,
			);
			path = ScheduleNotification;
			sourceTree = "<group>";
		};
/* End PBXGroup section */

/* Begin PBXNativeTarget section */
		39D2AB871D6DE13D00A87114 /* ScheduleNotification */ = {
			isa = PBXNativeTarget;
			buildConfigurationList = 39D2AB951D6DE13E00A87114 /* Build configuration list for PBXNativeTarget "ScheduleNotification" */;
			buildPhases = (
				39D2AB841D6DE13D00A87114 /* Sources */,
				39D2AB851D6DE13D00A87114 /* Frameworks */,
				39D2AB861D6DE13D00A87114 /* Resources */,
			);
			buildRules = (
			);
			dependencies = (
			);
			name = ScheduleNotification;
			productName = ScheduleNotification;
			productReference = 39D2AB881D6DE13D00A87114 /* ScheduleNotification.app */;
			productType = "com.apple.product-type.application";
		};
/* End PBXNativeTarget section */

/* Begin PBXProject section */
		39D2AB801D6DE13D00A87114 /* Project object */ = {
			isa = PBXProject;
			attributes = {
				LastSwiftUpdateCheck = 0800;
				LastUpgradeCheck = 0800;
				ORGANIZATIONNAME = "Kilian Koeltzsch";
				TargetAttributes = {
					39D2AB871D6DE13D00A87114 = {
						CreatedOnToolsVersion = 8.0;
						DevelopmentTeam = HU85FER47E;
						ProvisioningStyle = Automatic;
					};
				};
			};
			buildConfigurationList = 39D2AB831D6DE13D00A87114 /* Build configuration list for PBXProject "ScheduleNotification" */;
			compatibilityVersion = "Xcode 3.2";
			developmentRegion = English;
			hasScannedForEncodings = 0;
			knownRegions = (
				en,
				Base,
			);
			mainGroup = 39D2AB7F1D6DE13D00A87114;
			productRefGroup = 39D2AB891D6DE13D00A87114 /* Products */;
			projectDirPath = "";
			projectRoot = "";
			targets = (
				39D2AB871D6DE13D00A87114 /* ScheduleNotification */,
			);
		};
/* End PBXProject section */

/* Begin PBXResourcesBuildPhase section */
		39D2AB861D6DE13D00A87114 /* Resources */ = {
			isa = PBXResourcesBuildPhase;
			buildActionMask = 2147483647;
			files = (
				39D2AB8E1D6DE13D00A87114 /* Assets.xcassets in Resources */,
				39D2AB911D6DE13E00A87114 /* MainMenu.xib in Resources */,
			);
			runOnlyForDeploymentPostprocessing = 0;
		};
/* End PBXResourcesBuildPhase section */

/* Begin PBXSourcesBuildPhase section */
		39D2AB841D6DE13D00A87114 /* Sources */ = {
			isa = PBXSourcesBuildPhase;
			buildActionMask = 2147483647;
			files = (
				39D2AB8C1D6DE13D00A87114 /* AppDelegate.swift in Sources */,
			);
			runOnlyForDeploymentPostprocessing = 0;
		};
/* End PBXSourcesBuildPhase section */

/* Begin PBXVariantGroup section */
		39D2AB8F1D6DE13E00A87114 /* MainMenu.xib */ = {
			isa = PBXVariantGroup;
			children = (
				39D2AB901D6DE13E00A87114 /* Base */,
			);
			name = MainMenu.xib;
			sourceTree = "<group>";
		};
/* End PBXVariantGroup section */

/* Begin XCBuildConfiguration section */
		39D2AB931D6DE13E00A87114 /* Debug */ = {
			isa = XCBuildConfiguration;
			buildSettings = {
				ALWAYS_SEARCH_USER_PATHS = NO;
				CLANG_ANALYZER_NONNULL = YES;
				CLANG_CXX_LANGUAGE_STANDARD = "gnu++0x";
				CLANG_CXX_LIBRARY = "libc++";
				CLANG_ENABLE_MODULES = YES;
				CLANG_ENABLE_OBJC_ARC = YES;
				CLANG_WARN_BOOL_CONVERSION = YES;
				CLANG_WARN_CONSTANT_CONVERSION = YES;
				CLANG_WARN_DIRECT_OBJC_ISA_USAGE = YES_ERROR;
				CLANG_WARN_DOCUMENTATION_COMMENTS = YES;
				CLANG_WARN_EMPTY_BODY = YES;
				CLANG_WARN_ENUM_CONVERSION = YES;
				CLANG_WARN_INFINITE_RECURSION = YES;
				CLANG_WARN_INT_CONVERSION = YES;
				CLANG_WARN_OBJC_ROOT_CLASS = YES_ERROR;
				CLANG_WARN_SUSPICIOUS_MOVES = YES;
				CLANG_WARN_UNREACHABLE_CODE = YES;
				CLANG_WARN__DUPLICATE_METHOD_MATCH = YES;
				CODE_SIGN_IDENTITY = "-";
				COPY_PHASE_STRIP = NO;
				DEBUG_INFORMATION_FORMAT = dwarf;
				ENABLE_STRICT_OBJC_MSGSEND = YES;
				ENABLE_TESTABILITY = YES;
				GCC_C_LANGUAGE_STANDARD = gnu99;
				GCC_DYNAMIC_NO_PIC = NO;
				GCC_NO_COMMON_BLOCKS = YES;
				GCC_OPTIMIZATION_LEVEL = 0;
				GCC_PREPROCESSOR_DEFINITIONS = (
					"DEBUG=1",
					"$(inherited)",
				);
				GCC_WARN_64_TO_32_BIT_CONVERSION = YES;
				GCC_WARN_ABOUT_RETURN_TYPE = YES_ERROR;
				GCC_WARN_UNDECLARED_SELECTOR = YES;
				GCC_WARN_UNINITIALIZED_AUTOS = YES_AGGRESSIVE;
				GCC_WARN_UNUSED_FUNCTION = YES;
				GCC_WARN_UNUSED_VARIABLE = YES;
				MACOSX_DEPLOYMENT_TARGET = 10.11;
				MTL_ENABLE_DEBUG_INFO = YES;
				ONLY_ACTIVE_ARCH = YES;
				SDKROOT = macosx;
				SWIFT_ACTIVE_COMPILATION_CONDITIONS = DEBUG;
				SWIFT_OPTIMIZATION_LEVEL = "-Onone";
			};
			name = Debug;
		};
		39D2AB941D6DE13E00A87114 /* Release */ = {
			isa = XCBuildConfiguration;
			buildSettings = {
				ALWAYS_SEARCH_USER_PATHS = NO;
				CLANG_ANALYZER_NONNULL = YES;
				CLANG_CXX_LANGUAGE_STANDARD = "gnu++0x";
				CLANG_CXX_LIBRARY = "libc++";
				CLANG_ENABLE_MODULES = YES;
				CLANG_ENABLE_OBJC_ARC = YES;
				CLANG_WARN_BOOL_CONVERSION = YES;
				CLANG_WARN_CONSTANT_CONVERSION = YES;
				CLANG_WARN_DIRECT_OBJC_ISA_USAGE = YES_ERROR;
				CLANG_WARN_DOCUMENTATION_COMMENTS = YES;
				CLANG_WARN_EMPTY_BODY = YES;
				CLANG_WARN_ENUM_CONVERSION = YES;
				CLANG_WARN_INFINITE_RECURSION = YES;
				CLANG_WARN_INT_CONVERSION = YES;
				CLANG_WARN_OBJC_ROOT_CLASS = YES_ERROR;
				CLANG_WARN_SUSPICIOUS_MOVES = YES;
				CLANG_WARN_UNREACHABLE_CODE = YES;
				CLANG_WARN__DUPLICATE_METHOD_MATCH = YES;
				CODE_SIGN_IDENTITY = "-";
				COPY_PHASE_STRIP = NO;
				DEBUG_INFORMATION_FORMAT = "dwarf-with-dsym";
				ENABLE_NS_ASSERTIONS = NO;
				ENABLE_STRICT_OBJC_MSGSEND = YES;
				GCC_C_LANGUAGE_STANDARD = gnu99;
				GCC_NO_COMMON_BLOCKS = YES;
				GCC_WARN_64_TO_32_BIT_CONVERSION = YES;
				GCC_WARN_ABOUT_RETURN_TYPE = YES_ERROR;
				GCC_WARN_UNDECLARED_SELECTOR = YES;
				GCC_WARN_UNINITIALIZED_AUTOS = YES_AGGRESSIVE;
				GCC_WARN_UNUSED_FUNCTION = YES;
				GCC_WARN_UNUSED_VARIABLE = YES;
				MACOSX_DEPLOYMENT_TARGET = 10.11;
				MTL_ENABLE_DEBUG_INFO = NO;
				SDKROOT = macosx;
				SWIFT_OPTIMIZATION_LEVEL = "-Owholemodule";
			};
			name = Release;
		};
		39D2AB961D6DE13E00A87114 /* Debug */ = {
			isa = XCBuildConfiguration;
			buildSettings = {
				ASSETCATALOG_COMPILER_APPICON_NAME = AppIcon;
				COMBINE_HIDPI_IMAGES = YES;
				DEVELOPMENT_TEAM = HU85FER47E;
				INFOPLIST_FILE = ScheduleNotification/Info.plist;
				LD_RUNPATH_SEARCH_PATHS = "$(inherited) @executable_path/../Frameworks";
				PRODUCT_BUNDLE_IDENTIFIER = io.kilian.ScheduleNotification;
				PRODUCT_NAME = "$(TARGET_NAME)";
				SWIFT_VERSION = 3.0;
			};
			name = Debug;
		};
		39D2AB971D6DE13E00A87114 /* Release */ = {
			isa = XCBuildConfiguration;
			buildSettings = {
				ASSETCATALOG_COMPILER_APPICON_NAME = AppIcon;
				COMBINE_HIDPI_IMAGES = YES;
				DEVELOPMENT_TEAM = HU85FER47E;
				INFOPLIST_FILE = ScheduleNotification/Info.plist;
				LD_RUNPATH_SEARCH_PATHS = "$(inherited) @executable_path/../Frameworks";
				PRODUCT_BUNDLE_IDENTIFIER = io.kilian.ScheduleNotification;
				PRODUCT_NAME = "$(TARGET_NAME)";
				SWIFT_VERSION = 3.0;
			};
			name = Release;
		};
/* End XCBuildConfiguration section */

/* Begin XCConfigurationList section */
		39D2AB831D6DE13D00A87114 /* Build configuration list for PBXProject "ScheduleNotification" */ = {
			isa = XCConfigurationList;
			buildConfigurations = (
				39D2AB931D6DE13E00A87114 /* Debug */,
				39D2AB941D6DE13E00A87114 /* Release */,
			);
			defaultConfigurationIsVisible = 0;
			defaultConfigurationName = Release;
		};
		39D2AB951D6DE13E00A87114 /* Build configuration list for PBXNativeTarget "ScheduleNotification" */ = {
			isa = XCConfigurationList;
			buildConfigurations = (
				39D2AB961D6DE13E00A87114 /* Debug */,
				39D2AB971D6DE13E00A87114 /* Release */,
			);
			defaultConfigurationIsVisible = 0;
			defaultConfigurationName = Release;
		};
/* End XCConfigurationList section */
	};
	rootObject = 39D2AB801D6DE13D00A87114 /* Project object */;
}
